// !$*UTF8*$!
{
	archiveVersion = 1;
	classes = {
	};
	objectVersion = 46;
	objects = {

/* Begin PBXBuildFile section */
		F8E5343A1C44A19A00F8F3D1 /* main.m in Sources */ = {isa = PBXBuildFile; fileRef = F8E534391C44A19A00F8F3D1 /* main.m */; };
		F8E5343D1C44A19A00F8F3D1 /* AppDelegate.m in Sources */ = {isa = PBXBuildFile; fileRef = F8E5343C1C44A19A00F8F3D1 /* AppDelegate.m */; };
		F8E534401C44A19A00F8F3D1 /* ViewController.m in Sources */ = {isa = PBXBuildFile; fileRef = F8E5343F1C44A19A00F8F3D1 /* ViewController.m */; };
		F8E534431C44A19A00F8F3D1 /* Main.storyboard in Resources */ = {isa = PBXBuildFile; fileRef = F8E534411C44A19A00F8F3D1 /* Main.storyboard */; };
		F8E534451C44A19A00F8F3D1 /* Assets.xcassets in Resources */ = {isa = PBXBuildFile; fileRef = F8E534441C44A19A00F8F3D1 /* Assets.xcassets */; };
		F8E534481C44A19A00F8F3D1 /* LaunchScreen.storyboard in Resources */ = {isa = PBXBuildFile; fileRef = F8E534461C44A19A00F8F3D1 /* LaunchScreen.storyboard */; };
		F8E534531C44A19A00F8F3D1 /* SoloShoppingCartTests.m in Sources */ = {isa = PBXBuildFile; fileRef = F8E534521C44A19A00F8F3D1 /* SoloShoppingCartTests.m */; };
		F8E5345E1C44A19A00F8F3D1 /* SoloShoppingCartUITests.m in Sources */ = {isa = PBXBuildFile; fileRef = F8E5345D1C44A19A00F8F3D1 /* SoloShoppingCartUITests.m */; };
		F8E5346D1C44A71C00F8F3D1 /* Solo_1.png in Resources */ = {isa = PBXBuildFile; fileRef = F8E5346C1C44A71C00F8F3D1 /* Solo_1.png */; };
		F8E5346F1C44A77700F8F3D1 /* Solo_2.png in Resources */ = {isa = PBXBuildFile; fileRef = F8E5346E1C44A77700F8F3D1 /* Solo_2.png */; };
		F8E534741C44ABC300F8F3D1 /* Solo_Cart_Methon.m in Sources */ = {isa = PBXBuildFile; fileRef = F8E534731C44ABC300F8F3D1 /* Solo_Cart_Methon.m */; };
		F8E534791C44D3FE00F8F3D1 /* Solo_good_cart_btn.png in Resources */ = {isa = PBXBuildFile; fileRef = F8E534781C44D3FE00F8F3D1 /* Solo_good_cart_btn.png */; };
/* End PBXBuildFile section */

/* Begin PBXContainerItemProxy section */
		F8E5344F1C44A19A00F8F3D1 /* PBXContainerItemProxy */ = {
			isa = PBXContainerItemProxy;
			containerPortal = F8E5342D1C44A19A00F8F3D1 /* Project object */;
			proxyType = 1;
			remoteGlobalIDString = F8E534341C44A19A00F8F3D1;
			remoteInfo = SoloShoppingCart;
		};
		F8E5345A1C44A19A00F8F3D1 /* PBXContainerItemProxy */ = {
			isa = PBXContainerItemProxy;
			containerPortal = F8E5342D1C44A19A00F8F3D1 /* Project object */;
			proxyType = 1;
			remoteGlobalIDString = F8E534341C44A19A00F8F3D1;
			remoteInfo = SoloShoppingCart;
		};
/* End PBXContainerItemProxy section */

/* Begin PBXFileReference section */
		F8E534351C44A19A00F8F3D1 /* SoloShoppingCart.app */ = {isa = PBXFileReference; explicitFileType = wrapper.application; includeInIndex = 0; path = SoloShoppingCart.app; sourceTree = BUILT_PRODUCTS_DIR; };
		F8E534391C44A19A00F8F3D1 /* main.m */ = {isa = PBXFileReference; lastKnownFileType = sourcecode.c.objc; path = main.m; sourceTree = "<group>"; };
		F8E5343B1C44A19A00F8F3D1 /* AppDelegate.h */ = {isa = PBXFileReference; lastKnownFileType = sourcecode.c.h; path = AppDelegate.h; sourceTree = "<group>"; };
		F8E5343C1C44A19A00F8F3D1 /* AppDelegate.m */ = {isa = PBXFileReference; lastKnownFileType = sourcecode.c.objc; path = AppDelegate.m; sourceTree = "<group>"; };
		F8E5343E1C44A19A00F8F3D1 /* ViewController.h */ = {isa = PBXFileReference; lastKnownFileType = sourcecode.c.h; path = ViewController.h; sourceTree = "<group>"; };
		F8E5343F1C44A19A00F8F3D1 /* ViewController.m */ = {isa = PBXFileReference; lastKnownFileType = sourcecode.c.objc; path = ViewController.m; sourceTree = "<group>"; };
		F8E534421C44A19A00F8F3D1 /* Base */ = {isa = PBXFileReference; lastKnownFileType = file.storyboard; name = Base; path = Base.lproj/Main.storyboard; sourceTree = "<group>"; };
		F8E534441C44A19A00F8F3D1 /* Assets.xcassets */ = {isa = PBXFileReference; lastKnownFileType = folder.assetcatalog; path = Assets.xcassets; sourceTree = "<group>"; };
		F8E534471C44A19A00F8F3D1 /* Base */ = {isa = PBXFileReference; lastKnownFileType = file.storyboard; name = Base; path = Base.lproj/LaunchScreen.storyboard; sourceTree = "<group>"; };
		F8E534491C44A19A00F8F3D1 /* Info.plist */ = {isa = PBXFileReference; lastKnownFileType = text.plist.xml; path = Info.plist; sourceTree = "<group>"; };
		F8E5344E1C44A19A00F8F3D1 /* SoloShoppingCartTests.xctest */ = {isa = PBXFileReference; explicitFileType = wrapper.cfbundle; includeInIndex = 0; path = SoloShoppingCartTests.xctest; sourceTree = BUILT_PRODUCTS_DIR; };
		F8E534521C44A19A00F8F3D1 /* SoloShoppingCartTests.m */ = {isa = PBXFileReference; lastKnownFileType = sourcecode.c.objc; path = SoloShoppingCartTests.m; sourceTree = "<group>"; };
		F8E534541C44A19A00F8F3D1 /* Info.plist */ = {isa = PBXFileReference; lastKnownFileType = text.plist.xml; path = Info.plist; sourceTree = "<group>"; };
		F8E534591C44A19A00F8F3D1 /* SoloShoppingCartUITests.xctest */ = {isa = PBXFileReference; explicitFileType = wrapper.cfbundle; includeInIndex = 0; path = SoloShoppingCartUITests.xctest; sourceTree = BUILT_PRODUCTS_DIR; };
		F8E5345D1C44A19A00F8F3D1 /* SoloShoppingCartUITests.m */ = {isa = PBXFileReference; lastKnownFileType = sourcecode.c.objc; path = SoloShoppingCartUITests.m; sourceTree = "<group>"; };
		F8E5345F1C44A19A00F8F3D1 /* Info.plist */ = {isa = PBXFileReference; lastKnownFileType = text.plist.xml; path = Info.plist; sourceTree = "<group>"; };
		F8E5346C1C44A71C00F8F3D1 /* Solo_1.png */ = {isa = PBXFileReference; lastKnownFileType = image.png; path = Solo_1.png; sourceTree = "<group>"; };
		F8E5346E1C44A77700F8F3D1 /* Solo_2.png */ = {isa = PBXFileReference; lastKnownFileType = image.png; path = Solo_2.png; sourceTree = "<group>"; };
		F8E534721C44ABC300F8F3D1 /* Solo_Cart_Methon.h */ = {isa = PBXFileReference; fileEncoding = 4; lastKnownFileType = sourcecode.c.h; path = Solo_Cart_Methon.h; sourceTree = "<group>"; };
		F8E534731C44ABC300F8F3D1 /* Solo_Cart_Methon.m */ = {isa = PBXFileReference; fileEncoding = 4; lastKnownFileType = sourcecode.c.objc; path = Solo_Cart_Methon.m; sourceTree = "<group>"; };
		F8E534781C44D3FE00F8F3D1 /* Solo_good_cart_btn.png */ = {isa = PBXFileReference; lastKnownFileType = image.png; path = Solo_good_cart_btn.png; sourceTree = "<group>"; };
/* End PBXFileReference section */

/* Begin PBXFrameworksBuildPhase section */
		F8E534321C44A19A00F8F3D1 /* Frameworks */ = {
			isa = PBXFrameworksBuildPhase;
			buildActionMask = 2147483647;
			files = (
			);
			runOnlyForDeploymentPostprocessing = 0;
		};
		F8E5344B1C44A19A00F8F3D1 /* Frameworks */ = {
			isa = PBXFrameworksBuildPhase;
			buildActionMask = 2147483647;
			files = (
			);
			runOnlyForDeploymentPostprocessing = 0;
		};
		F8E534561C44A19A00F8F3D1 /* Frameworks */ = {
			isa = PBXFrameworksBuildPhase;
			buildActionMask = 2147483647;
			files = (
			);
			runOnlyForDeploymentPostprocessing = 0;
		};
/* End PBXFrameworksBuildPhase section */

/* Begin PBXGroup section */
		F8E5342C1C44A19A00F8F3D1 = {
			isa = PBXGroup;
			children = (
				F8E534371C44A19A00F8F3D1 /* SoloShoppingCart */,
				F8E534511C44A19A00F8F3D1 /* SoloShoppingCartTests */,
				F8E5345C1C44A19A00F8F3D1 /* SoloShoppingCartUITests */,
				F8E534361C44A19A00F8F3D1 /* Products */,
			);
			sourceTree = "<group>";
		};
		F8E534361C44A19A00F8F3D1 /* Products */ = {
			isa = PBXGroup;
			children = (
				F8E534351C44A19A00F8F3D1 /* SoloShoppingCart.app */,
				F8E5344E1C44A19A00F8F3D1 /* SoloShoppingCartTests.xctest */,
				F8E534591C44A19A00F8F3D1 /* SoloShoppingCartUITests.xctest */,
			);
			name = Products;
			sourceTree = "<group>";
		};
		F8E534371C44A19A00F8F3D1 /* SoloShoppingCart */ = {
			isa = PBXGroup;
			children = (
				F8E534751C44D25B00F8F3D1 /* Solo_Cart_Methon */,
				F8E5346B1C44A6A000F8F3D1 /* Solo_png */,
				F8E5343B1C44A19A00F8F3D1 /* AppDelegate.h */,
				F8E5343C1C44A19A00F8F3D1 /* AppDelegate.m */,
				F8E5343E1C44A19A00F8F3D1 /* ViewController.h */,
				F8E5343F1C44A19A00F8F3D1 /* ViewController.m */,
				F8E534411C44A19A00F8F3D1 /* Main.storyboard */,
				F8E534441C44A19A00F8F3D1 /* Assets.xcassets */,
				F8E534461C44A19A00F8F3D1 /* LaunchScreen.storyboard */,
				F8E534491C44A19A00F8F3D1 /* Info.plist */,
				F8E534381C44A19A00F8F3D1 /* Supporting Files */,
			);
			path = SoloShoppingCart;
			sourceTree = "<group>";
		};
		F8E534381C44A19A00F8F3D1 /* Supporting Files */ = {
			isa = PBXGroup;
			children = (
				F8E534391C44A19A00F8F3D1 /* main.m */,
			);
			name = "Supporting Files";
			sourceTree = "<group>";
		};
		F8E534511C44A19A00F8F3D1 /* SoloShoppingCartTests */ = {
			isa = PBXGroup;
			children = (
				F8E534521C44A19A00F8F3D1 /* SoloShoppingCartTests.m */,
				F8E534541C44A19A00F8F3D1 /* Info.plist */,
			);
			path = SoloShoppingCartTests;
			sourceTree = "<group>";
		};
		F8E5345C1C44A19A00F8F3D1 /* SoloShoppingCartUITests */ = {
			isa = PBXGroup;
			children = (
				F8E5345D1C44A19A00F8F3D1 /* SoloShoppingCartUITests.m */,
				F8E5345F1C44A19A00F8F3D1 /* Info.plist */,
			);
			path = SoloShoppingCartUITests;
			sourceTree = "<group>";
		};
		F8E5346B1C44A6A000F8F3D1 /* Solo_png */ = {
			isa = PBXGroup;
			children = (
				F8E534781C44D3FE00F8F3D1 /* Solo_good_cart_btn.png */,
				F8E5346E1C44A77700F8F3D1 /* Solo_2.png */,
				F8E5346C1C44A71C00F8F3D1 /* Solo_1.png */,
			);
			name = Solo_png;
			sourceTree = "<group>";
		};
		F8E534751C44D25B00F8F3D1 /* Solo_Cart_Methon */ = {
			isa = PBXGroup;
			children = (
				F8E534721C44ABC300F8F3D1 /* Solo_Cart_Methon.h */,
				F8E534731C44ABC300F8F3D1 /* Solo_Cart_Methon.m */,
			);
			name = Solo_Cart_Methon;
			sourceTree = "<group>";
		};
/* End PBXGroup section */

/* Begin PBXNativeTarget section */
		F8E534341C44A19A00F8F3D1 /* SoloShoppingCart */ = {
			isa = PBXNativeTarget;
			buildConfigurationList = F8E534621C44A19A00F8F3D1 /* Build configuration list for PBXNativeTarget "SoloShoppingCart" */;
			buildPhases = (
				F8E534311C44A19A00F8F3D1 /* Sources */,
				F8E534321C44A19A00F8F3D1 /* Frameworks */,
				F8E534331C44A19A00F8F3D1 /* Resources */,
			);
			buildRules = (
			);
			dependencies = (
			);
			name = SoloShoppingCart;
			productName = SoloShoppingCart;
			productReference = F8E534351C44A19A00F8F3D1 /* SoloShoppingCart.app */;
			productType = "com.apple.product-type.application";
		};
		F8E5344D1C44A19A00F8F3D1 /* SoloShoppingCartTests */ = {
			isa = PBXNativeTarget;
			buildConfigurationList = F8E534651C44A19A00F8F3D1 /* Build configuration list for PBXNativeTarget "SoloShoppingCartTests" */;
			buildPhases = (
				F8E5344A1C44A19A00F8F3D1 /* Sources */,
				F8E5344B1C44A19A00F8F3D1 /* Frameworks */,
				F8E5344C1C44A19A00F8F3D1 /* Resources */,
			);
			buildRules = (
			);
			dependencies = (
				F8E534501C44A19A00F8F3D1 /* PBXTargetDependency */,
			);
			name = SoloShoppingCartTests;
			productName = SoloShoppingCartTests;
			productReference = F8E5344E1C44A19A00F8F3D1 /* SoloShoppingCartTests.xctest */;
			productType = "com.apple.product-type.bundle.unit-test";
		};
		F8E534581C44A19A00F8F3D1 /* SoloShoppingCartUITests */ = {
			isa = PBXNativeTarget;
			buildConfigurationList = F8E534681C44A19A00F8F3D1 /* Build configuration list for PBXNativeTarget "SoloShoppingCartUITests" */;
			buildPhases = (
				F8E534551C44A19A00F8F3D1 /* Sources */,
				F8E534561C44A19A00F8F3D1 /* Frameworks */,
				F8E534571C44A19A00F8F3D1 /* Resources */,
			);
			buildRules = (
			);
			dependencies = (
				F8E5345B1C44A19A00F8F3D1 /* PBXTargetDependency */,
			);
			name = SoloShoppingCartUITests;
			productName = SoloShoppingCartUITests;
			productReference = F8E534591C44A19A00F8F3D1 /* SoloShoppingCartUITests.xctest */;
			productType = "com.apple.product-type.bundle.ui-testing";
		};
/* End PBXNativeTarget section */

/* Begin PBXProject section */
		F8E5342D1C44A19A00F8F3D1 /* Project object */ = {
			isa = PBXProject;
			attributes = {
				LastUpgradeCheck = 0720;
				ORGANIZATIONNAME = Solo;
				TargetAttributes = {
					F8E534341C44A19A00F8F3D1 = {
						CreatedOnToolsVersion = 7.2;
					};
					F8E5344D1C44A19A00F8F3D1 = {
						CreatedOnToolsVersion = 7.2;
						TestTargetID = F8E534341C44A19A00F8F3D1;
					};
					F8E534581C44A19A00F8F3D1 = {
						CreatedOnToolsVersion = 7.2;
						TestTargetID = F8E534341C44A19A00F8F3D1;
					};
				};
			};
			buildConfigurationList = F8E534301C44A19A00F8F3D1 /* Build configuration list for PBXProject "SoloShoppingCart" */;
			compatibilityVersion = "Xcode 3.2";
			developmentRegion = English;
			hasScannedForEncodings = 0;
			knownRegions = (
				en,
				Base,
			);
			mainGroup = F8E5342C1C44A19A00F8F3D1;
			productRefGroup = F8E534361C44A19A00F8F3D1 /* Products */;
			projectDirPath = "";
			projectRoot = "";
			targets = (
				F8E534341C44A19A00F8F3D1 /* SoloShoppingCart */,
				F8E5344D1C44A19A00F8F3D1 /* SoloShoppingCartTests */,
				F8E534581C44A19A00F8F3D1 /* SoloShoppingCartUITests */,
			);
		};
/* End PBXProject section */

/* Begin PBXResourcesBuildPhase section */
		F8E534331C44A19A00F8F3D1 /* Resources */ = {
			isa = PBXResourcesBuildPhase;
			buildActionMask = 2147483647;
			files = (
				F8E534481C44A19A00F8F3D1 /* LaunchScreen.storyboard in Resources */,
				F8E534791C44D3FE00F8F3D1 /* Solo_good_cart_btn.png in Resources */,
				F8E5346D1C44A71C00F8F3D1 /* Solo_1.png in Resources */,
				F8E534451C44A19A00F8F3D1 /* Assets.xcassets in Resources */,
				F8E5346F1C44A77700F8F3D1 /* Solo_2.png in Resources */,
				F8E534431C44A19A00F8F3D1 /* Main.storyboard in Resources */,
			);
			runOnlyForDeploymentPostprocessing = 0;
		};
		F8E5344C1C44A19A00F8F3D1 /* Resources */ = {
			isa = PBXResourcesBuildPhase;
			buildActionMask = 2147483647;
			files = (
			);
			runOnlyForDeploymentPostprocessing = 0;
		};
		F8E534571C44A19A00F8F3D1 /* Resources */ = {
			isa = PBXResourcesBuildPhase;
			buildActionMask = 2147483647;
			files = (
			);
			runOnlyForDeploymentPostprocessing = 0;
		};
/* End PBXResourcesBuildPhase section */

/* Begin PBXSourcesBuildPhase section */
		F8E534311C44A19A00F8F3D1 /* Sources */ = {
			isa = PBXSourcesBuildPhase;
			buildActionMask = 2147483647;
			files = (
				F8E534401C44A19A00F8F3D1 /* ViewController.m in Sources */,
				F8E534741C44ABC300F8F3D1 /* Solo_Cart_Methon.m in Sources */,
				F8E5343D1C44A19A00F8F3D1 /* AppDelegate.m in Sources */,
				F8E5343A1C44A19A00F8F3D1 /* main.m in Sources */,
			);
			runOnlyForDeploymentPostprocessing = 0;
		};
		F8E5344A1C44A19A00F8F3D1 /* Sources */ = {
			isa = PBXSourcesBuildPhase;
			buildActionMask = 2147483647;
			files = (
				F8E534531C44A19A00F8F3D1 /* SoloShoppingCartTests.m in Sources */,
			);
			runOnlyForDeploymentPostprocessing = 0;
		};
		F8E534551C44A19A00F8F3D1 /* Sources */ = {
			isa = PBXSourcesBuildPhase;
			buildActionMask = 2147483647;
			files = (
				F8E5345E1C44A19A00F8F3D1 /* SoloShoppingCartUITests.m in Sources */,
			);
			runOnlyForDeploymentPostprocessing = 0;
		};
/* End PBXSourcesBuildPhase section */

/* Begin PBXTargetDependency section */
		F8E534501C44A19A00F8F3D1 /* PBXTargetDependency */ = {
			isa = PBXTargetDependency;
			target = F8E534341C44A19A00F8F3D1 /* SoloShoppingCart */;
			targetProxy = F8E5344F1C44A19A00F8F3D1 /* PBXContainerItemProxy */;
		};
		F8E5345B1C44A19A00F8F3D1 /* PBXTargetDependency */ = {
			isa = PBXTargetDependency;
			target = F8E534341C44A19A00F8F3D1 /* SoloShoppingCart */;
			targetProxy = F8E5345A1C44A19A00F8F3D1 /* PBXContainerItemProxy */;
		};
/* End PBXTargetDependency section */

/* Begin PBXVariantGroup section */
		F8E534411C44A19A00F8F3D1 /* Main.storyboard */ = {
			isa = PBXVariantGroup;
			children = (
				F8E534421C44A19A00F8F3D1 /* Base */,
			);
			name = Main.storyboard;
			sourceTree = "<group>";
		};
		F8E534461C44A19A00F8F3D1 /* LaunchScreen.storyboard */ = {
			isa = PBXVariantGroup;
			children = (
				F8E534471C44A19A00F8F3D1 /* Base */,
			);
			name = LaunchScreen.storyboard;
			sourceTree = "<group>";
		};
/* End PBXVariantGroup section */

/* Begin XCBuildConfiguration section */
		F8E534601C44A19A00F8F3D1 /* Debug */ = {
			isa = XCBuildConfiguration;
			buildSettings = {
				ALWAYS_SEARCH_USER_PATHS = NO;
				CLANG_CXX_LANGUAGE_STANDARD = "gnu++0x";
				CLANG_CXX_LIBRARY = "libc++";
				CLANG_ENABLE_MODULES = YES;
				CLANG_ENABLE_OBJC_ARC = YES;
				CLANG_WARN_BOOL_CONVERSION = YES;
				CLANG_WARN_CONSTANT_CONVERSION = YES;
				CLANG_WARN_DIRECT_OBJC_ISA_USAGE = YES_ERROR;
				CLANG_WARN_EMPTY_BODY = YES;
				CLANG_WARN_ENUM_CONVERSION = YES;
				CLANG_WARN_INT_CONVERSION = YES;
				CLANG_WARN_OBJC_ROOT_CLASS = YES_ERROR;
				CLANG_WARN_UNREACHABLE_CODE = YES;
				CLANG_WARN__DUPLICATE_METHOD_MATCH = YES;
				"CODE_SIGN_IDENTITY[sdk=iphoneos*]" = "iPhone Developer";
				COPY_PHASE_STRIP = NO;
				DEBUG_INFORMATION_FORMAT = dwarf;
				ENABLE_STRICT_OBJC_MSGSEND = YES;
				ENABLE_TESTABILITY = YES;
				GCC_C_LANGUAGE_STANDARD = gnu99;
				GCC_DYNAMIC_NO_PIC = NO;
				GCC_NO_COMMON_BLOCKS = YES;
				GCC_OPTIMIZATION_LEVEL = 0;
				GCC_PREPROCESSOR_DEFINITIONS = (
					"DEBUG=1",
					"$(inherited)",
				);
				GCC_WARN_64_TO_32_BIT_CONVERSION = YES;
				GCC_WARN_ABOUT_RETURN_TYPE = YES_ERROR;
				GCC_WARN_UNDECLARED_SELECTOR = YES;
				GCC_WARN_UNINITIALIZED_AUTOS = YES_AGGRESSIVE;
				GCC_WARN_UNUSED_FUNCTION = YES;
				GCC_WARN_UNUSED_VARIABLE = YES;
				IPHONEOS_DEPLOYMENT_TARGET = 9.2;
				MTL_ENABLE_DEBUG_INFO = YES;
				ONLY_ACTIVE_ARCH = YES;
				SDKROOT = iphoneos;
				TARGETED_DEVICE_FAMILY = "1,2";
			};
			name = Debug;
		};
		F8E534611C44A19A00F8F3D1 /* Release */ = {
			isa = XCBuildConfiguration;
			buildSettings = {
				ALWAYS_SEARCH_USER_PATHS = NO;
				CLANG_CXX_LANGUAGE_STANDARD = "gnu++0x";
				CLANG_CXX_LIBRARY = "libc++";
				CLANG_ENABLE_MODULES = YES;
				CLANG_ENABLE_OBJC_ARC = YES;
				CLANG_WARN_BOOL_CONVERSION = YES;
				CLANG_WARN_CONSTANT_CONVERSION = YES;
				CLANG_WARN_DIRECT_OBJC_ISA_USAGE = YES_ERROR;
				CLANG_WARN_EMPTY_BODY = YES;
				CLANG_WARN_ENUM_CONVERSION = YES;
				CLANG_WARN_INT_CONVERSION = YES;
				CLANG_WARN_OBJC_ROOT_CLASS = YES_ERROR;
				CLANG_WARN_UNREACHABLE_CODE = YES;
				CLANG_WARN__DUPLICATE_METHOD_MATCH = YES;
				"CODE_SIGN_IDENTITY[sdk=iphoneos*]" = "iPhone Developer";
				COPY_PHASE_STRIP = NO;
				DEBUG_INFORMATION_FORMAT = "dwarf-with-dsym";
				ENABLE_NS_ASSERTIONS = NO;
				ENABLE_STRICT_OBJC_MSGSEND = YES;
				GCC_C_LANGUAGE_STANDARD = gnu99;
				GCC_NO_COMMON_BLOCKS = YES;
				GCC_WARN_64_TO_32_BIT_CONVERSION = YES;
				GCC_WARN_ABOUT_RETURN_TYPE = YES_ERROR;
				GCC_WARN_UNDECLARED_SELECTOR = YES;
				GCC_WARN_UNINITIALIZED_AUTOS = YES_AGGRESSIVE;
				GCC_WARN_UNUSED_FUNCTION = YES;
				GCC_WARN_UNUSED_VARIABLE = YES;
				IPHONEOS_DEPLOYMENT_TARGET = 9.2;
				MTL_ENABLE_DEBUG_INFO = NO;
				SDKROOT = iphoneos;
				TARGETED_DEVICE_FAMILY = "1,2";
				VALIDATE_PRODUCT = YES;
			};
			name = Release;
		};
		F8E534631C44A19A00F8F3D1 /* Debug */ = {
			isa = XCBuildConfiguration;
			buildSettings = {
				ASSETCATALOG_COMPILER_APPICON_NAME = AppIcon;
				INFOPLIST_FILE = SoloShoppingCart/Info.plist;
				LD_RUNPATH_SEARCH_PATHS = "$(inherited) @executable_path/Frameworks";
				PRODUCT_BUNDLE_IDENTIFIER = cn.pba..SoloShoppingCart;
				PRODUCT_NAME = "$(TARGET_NAME)";
			};
			name = Debug;
		};
		F8E534641C44A19A00F8F3D1 /* Release */ = {
			isa = XCBuildConfiguration;
			buildSettings = {
				ASSETCATALOG_COMPILER_APPICON_NAME = AppIcon;
				INFOPLIST_FILE = SoloShoppingCart/Info.plist;
				LD_RUNPATH_SEARCH_PATHS = "$(inherited) @executable_path/Frameworks";
				PRODUCT_BUNDLE_IDENTIFIER = cn.pba..SoloShoppingCart;
				PRODUCT_NAME = "$(TARGET_NAME)";
			};
			name = Release;
		};
		F8E534661C44A19A00F8F3D1 /* Debug */ = {
			isa = XCBuildConfiguration;
			buildSettings = {
				BUNDLE_LOADER = "$(TEST_HOST)";
				INFOPLIST_FILE = SoloShoppingCartTests/Info.plist;
				LD_RUNPATH_SEARCH_PATHS = "$(inherited) @executable_path/Frameworks @loader_path/Frameworks";
				PRODUCT_BUNDLE_IDENTIFIER = cn.pba..SoloShoppingCartTests;
				PRODUCT_NAME = "$(TARGET_NAME)";
				TEST_HOST = "$(BUILT_PRODUCTS_DIR)/SoloShoppingCart.app/SoloShoppingCart";
			};
			name = Debug;
		};
		F8E534671C44A19A00F8F3D1 /* Release */ = {
			isa = XCBuildConfiguration;
			buildSettings = {
				BUNDLE_LOADER = "$(TEST_HOST)";
				INFOPLIST_FILE = SoloShoppingCartTests/Info.plist;
				LD_RUNPATH_SEARCH_PATHS = "$(inherited) @executable_path/Frameworks @loader_path/Frameworks";
				PRODUCT_BUNDLE_IDENTIFIER = cn.pba..SoloShoppingCartTests;
				PRODUCT_NAME = "$(TARGET_NAME)";
				TEST_HOST = "$(BUILT_PRODUCTS_DIR)/SoloShoppingCart.app/SoloShoppingCart";
			};
			name = Release;
		};
		F8E534691C44A19A00F8F3D1 /* Debug */ = {
			isa = XCBuildConfiguration;
			buildSettings = {
				INFOPLIST_FILE = SoloShoppingCartUITests/Info.plist;
				LD_RUNPATH_SEARCH_PATHS = "$(inherited) @executable_path/Frameworks @loader_path/Frameworks";
				PRODUCT_BUNDLE_IDENTIFIER = cn.pba..SoloShoppingCartUITests;
				PRODUCT_NAME = "$(TARGET_NAME)";
				TEST_TARGET_NAME = SoloShoppingCart;
				USES_XCTRUNNER = YES;
			};
			name = Debug;
		};
		F8E5346A1C44A19A00F8F3D1 /* Release */ = {
			isa = XCBuildConfiguration;
			buildSettings = {
				INFOPLIST_FILE = SoloShoppingCartUITests/Info.plist;
				LD_RUNPATH_SEARCH_PATHS = "$(inherited) @executable_path/Frameworks @loader_path/Frameworks";
				PRODUCT_BUNDLE_IDENTIFIER = cn.pba..SoloShoppingCartUITests;
				PRODUCT_NAME = "$(TARGET_NAME)";
				TEST_TARGET_NAME = SoloShoppingCart;
				USES_XCTRUNNER = YES;
			};
			name = Release;
		};
/* End XCBuildConfiguration section */

/* Begin XCConfigurationList section */
		F8E534301C44A19A00F8F3D1 /* Build configuration list for PBXProject "SoloShoppingCart" */ = {
			isa = XCConfigurationList;
			buildConfigurations = (
				F8E534601C44A19A00F8F3D1 /* Debug */,
				F8E534611C44A19A00F8F3D1 /* Release */,
			);
			defaultConfigurationIsVisible = 0;
			defaultConfigurationName = Release;
		};
		F8E534621C44A19A00F8F3D1 /* Build configuration list for PBXNativeTarget "SoloShoppingCart" */ = {
			isa = XCConfigurationList;
			buildConfigurations = (
				F8E534631C44A19A00F8F3D1 /* Debug */,
				F8E534641C44A19A00F8F3D1 /* Release */,
			);
			defaultConfigurationIsVisible = 0;
			defaultConfigurationName = Release;
		};
		F8E534651C44A19A00F8F3D1 /* Build configuration list for PBXNativeTarget "SoloShoppingCartTests" */ = {
			isa = XCConfigurationList;
			buildConfigurations = (
				F8E534661C44A19A00F8F3D1 /* Debug */,
				F8E534671C44A19A00F8F3D1 /* Release */,
			);
			defaultConfigurationIsVisible = 0;
			defaultConfigurationName = Release;
		};
		F8E534681C44A19A00F8F3D1 /* Build configuration list for PBXNativeTarget "SoloShoppingCartUITests" */ = {
			isa = XCConfigurationList;
			buildConfigurations = (
				F8E534691C44A19A00F8F3D1 /* Debug */,
				F8E5346A1C44A19A00F8F3D1 /* Release */,
			);
			defaultConfigurationIsVisible = 0;
			defaultConfigurationName = Release;
		};
/* End XCConfigurationList section */
	};
	rootObject = F8E5342D1C44A19A00F8F3D1 /* Project object */;
}
